
Microsoft Visual Studio Solution File, Format Version 12.00
# Visual Studio 2012
Project("{FAE04EC0-301F-11D3-BF4B-00C04F79EFBC}") = "ARMSim", "ARMSim\ARMSim.csproj", "{8502CA5C-5DA8-4562-B57F-69FE1DAF7AF0}"
EndProject
Project("{F088123C-0E9E-452A-89E6-6BA2F21D5CAC}") = "myDiagram", "myDiagram\myDiagram.modelproj", "{75F79D84-7D57-46EF-8318-D55D88707779}"
EndProject
Global
	GlobalSection(SolutionConfigurationPlatforms) = preSolution
		Debug|Any CPU = Debug|Any CPU
		Release|Any CPU = Release|Any CPU
	EndGlobalSection
	GlobalSection(ProjectConfigurationPlatforms) = postSolution
		{8502CA5C-5DA8-4562-B57F-69FE1DAF7AF0}.Debug|Any CPU.ActiveCfg = Debug|Any CPU
		{8502CA5C-5DA8-4562-B57F-69FE1DAF7AF0}.Debug|Any CPU.Build.0 = Debug|Any CPU
		{8502CA5C-5DA8-4562-B57F-69FE1DAF7AF0}.Release|Any CPU.ActiveCfg = Release|Any CPU
		{8502CA5C-5DA8-4562-B57F-69FE1DAF7AF0}.Release|Any CPU.Build.0 = Release|Any CPU
		{75F79D84-7D57-46EF-8318-D55D88707779}.Debug|Any CPU.ActiveCfg = Debug|Any CPU
		{75F79D84-7D57-46EF-8318-D55D88707779}.Debug|Any CPU.Build.0 = Debug|Any CPU
		{75F79D84-7D57-46EF-8318-D55D88707779}.Release|Any CPU.ActiveCfg = Release|Any CPU
		{75F79D84-7D57-46EF-8318-D55D88707779}.Release|Any CPU.Build.0 = Release|Any CPU
	EndGlobalSection
	GlobalSection(SolutionProperties) = preSolution
		HideSolutionNode = FALSE
	EndGlobalSection
EndGlobal
